{
    "version": 3,
    "terraform_version": "0.7.13",
    "serial": 0,
    "lineage": "50e03700-b509-4b70-8ae5-f5825974c946",
    "modules": [
        {
            "path": [
                "root"
            ],
            "outputs": {},
            "resources": {
                "digitalocean_droplet.matt": {
                    "type": "digitalocean_droplet",
                    "depends_on": [],
                    "primary": {
                        "id": "39347918",
                        "attributes": {
                            "backups": "false",
                            "disk": "20",
                            "id": "39347918",
                            "image": "debian-8-x64",
                            "ipv4_address": "192.241.250.216",
                            "ipv6": "false",
                            "locked": "false",
                            "name": "matt",
                            "private_networking": "false",
                            "region": "nyc2",
                            "resize_disk": "true",
                            "size": "512mb",
                            "ssh_keys.#": "1",
                            "ssh_keys.0": "1d:1c:6c:bf:87:ae:1b:20:d3:d1:57:4d:7c:5c:5f:7d",
                            "status": "active",
                            "tags.#": "1",
                            "tags.0": "blog",
                            "user_data": "0",
                            "vcpus": "1"
                        },
                        "meta": {},
                        "tainted": false
                    },
                    "deposed": [],
                    "provider": ""
                }
            },
            "depends_on": []
        }
    ]
}
